<?xml version="1.0" encoding="utf-8"?>
<Project ToolsVersion="4.0" xmlns="http://schemas.microsoft.com/developer/msbuild/2003">
  <ItemGroup>
    <ClCompile Include="src\clock.cpp">
      <Filter>zathras\interface</Filter>
    </ClCompile>
    <ClCompile Include="src\Command.cpp">
      <Filter>zathras\interface</Filter>
    </ClCompile>
    <ClCompile Include="src\Command_receiver.cpp">
      <Filter>zathras\interface</Filter>
    </ClCompile>
    <ClCompile Include="src\Info.cpp">
      <Filter>zathras\interface</Filter>
    </ClCompile>
    <ClCompile Include="src\perft_command.cpp">
      <Filter>zathras\interface</Filter>
    </ClCompile>
    <ClCompile Include="src\main.cpp">
      <Filter>zathras</Filter>
    </ClCompile>
  </ItemGroup>
  <ItemGroup>
    <ClInclude Include="src\Abstract_command.h">
      <Filter>zathras\interface</Filter>
    </ClInclude>
    <ClInclude Include="src\Command.h">
      <Filter>zathras\interface</Filter>
    </ClInclude>
    <ClInclude Include="src\Command_receiver.h">
      <Filter>zathras\interface</Filter>
    </ClInclude>
    <ClInclude Include="src\Info.h">
      <Filter>zathras\interface</Filter>
    </ClInclude>
    <ClInclude Include="src\perft_command.h">
      <Filter>zathras\interface</Filter>
    </ClInclude>
    <ClInclude Include="src\uci.h">
      <Filter>zathras\interface</Filter>
    </ClInclude>
  </ItemGroup>
  <ItemGroup>
    <Filter Include="zathras">
      <UniqueIdentifier>{6e0482fc-2dd7-4fce-b3d0-4278e482edac}</UniqueIdentifier>
    </Filter>
    <Filter Include="zathras\interface">
      <UniqueIdentifier>{d26a7a8c-578e-4459-9291-f48d25668328}</UniqueIdentifier>
    </Filter>
  </ItemGroup>
</Project>