<?xml version="1.0" encoding="utf-8"?>
<Project ToolsVersion="4.0" xmlns="http://schemas.microsoft.com/developer/msbuild/2003">
  <ItemGroup>
    <Filter Include="Source Files">
      <UniqueIdentifier>{4FC737F1-C7A5-4376-A066-2A32D752A2FF}</UniqueIdentifier>
      <Extensions>cpp;c;cc;cxx;def;odl;idl;hpj;bat;asm;asmx</Extensions>
    </Filter>
    <Filter Include="Header Files">
      <UniqueIdentifier>{93995380-89BD-4b04-88EB-625FBE52EBFB}</UniqueIdentifier>
      <Extensions>h;hh;hpp;hxx;hm;inl;inc;ipp;xsd</Extensions>
    </Filter>
    <Filter Include="Resource Files">
      <UniqueIdentifier>{67DA6AB6-F800-4c08-8B7A-83BB121AAD01}</UniqueIdentifier>
      <Extensions>rc;ico;cur;bmp;dlg;rc2;rct;bin;rgs;gif;jpg;jpeg;jpe;resx;tiff;tif;png;wav;mfcribbon-ms</Extensions>
    </Filter>
    <Filter Include="Move">
      <UniqueIdentifier>{99641f8a-1979-4af1-b433-0f36c17f10fe}</UniqueIdentifier>
    </Filter>
    <Filter Include="Search">
      <UniqueIdentifier>{847fb096-54d4-4620-8fa8-a73ee5498acf}</UniqueIdentifier>
    </Filter>
    <Filter Include="Util">
      <UniqueIdentifier>{de798f5c-9518-4349-8e24-3fc611b77814}</UniqueIdentifier>
    </Filter>
    <Filter Include="Eval">
      <UniqueIdentifier>{a9a345ae-7f23-45e5-ab7a-7f3c45aed28a}</UniqueIdentifier>
    </Filter>
    <Filter Include="Positions">
      <UniqueIdentifier>{b43fcf27-fcea-48aa-bd6b-52e63584912f}</UniqueIdentifier>
    </Filter>
  </ItemGroup>
  <ItemGroup>
    <ClCompile Include="src\Move.cpp">
      <Filter>Move</Filter>
    </ClCompile>
    <ClCompile Include="src\Move_container.cpp">
      <Filter>Move</Filter>
    </ClCompile>
    <ClCompile Include="src\Move_generator.cpp">
      <Filter>Move</Filter>
    </ClCompile>
    <ClCompile Include="src\Move_state.cpp">
      <Filter>Move</Filter>
    </ClCompile>
    <ClCompile Include="src\Bitboard.cpp">
      <Filter>Positions</Filter>
    </ClCompile>
    <ClCompile Include="src\Bitboard_test.cpp">
      <Filter>Positions</Filter>
    </ClCompile>
    <ClCompile Include="src\Piece.cpp">
      <Filter>Positions</Filter>
    </ClCompile>
    <ClCompile Include="src\Position.cpp">
      <Filter>Positions</Filter>
    </ClCompile>
    <ClCompile Include="src\Square.cpp">
      <Filter>Positions</Filter>
    </ClCompile>
    <ClCompile Include="src\Searcher.cpp">
      <Filter>Search</Filter>
    </ClCompile>
    <ClCompile Include="src\misc.cpp">
      <Filter>Util</Filter>
    </ClCompile>
  </ItemGroup>
  <ItemGroup>
    <ClInclude Include="..\src\typedefs.h">
      <Filter>Header Files</Filter>
    </ClInclude>
    <ClInclude Include="src\Move.h">
      <Filter>Move</Filter>
    </ClInclude>
    <ClInclude Include="src\Move_container.h">
      <Filter>Move</Filter>
    </ClInclude>
    <ClInclude Include="src\Move_generator.h">
      <Filter>Move</Filter>
    </ClInclude>
    <ClInclude Include="src\Move_state.h">
      <Filter>Move</Filter>
    </ClInclude>
    <ClInclude Include="src\Bitboard.h">
      <Filter>Positions</Filter>
    </ClInclude>
    <ClInclude Include="src\Piece.h">
      <Filter>Positions</Filter>
    </ClInclude>
    <ClInclude Include="src\Position.h">
      <Filter>Positions</Filter>
    </ClInclude>
    <ClInclude Include="src\Square.h">
      <Filter>Positions</Filter>
    </ClInclude>
    <ClInclude Include="src\Searcher.h">
      <Filter>Search</Filter>
    </ClInclude>
    <ClInclude Include="src\Evaluator.h">
      <Filter>Eval</Filter>
    </ClInclude>
    <ClInclude Include="src\PieceCount.h">
      <Filter>Eval</Filter>
    </ClInclude>
    <ClInclude Include="src\misc.h">
      <Filter>Header Files</Filter>
    </ClInclude>
    <ClInclude Include="src\Character.h">
      <Filter>Util</Filter>
    </ClInclude>
    <ClInclude Include="src\zathras_lib.h">
      <Filter>Header Files</Filter>
    </ClInclude>
  </ItemGroup>
</Project>